// !$*UTF8*$!
{
	archiveVersion = 1;
	classes = {
	};
	objectVersion = 55;
	objects = {

/* Begin PBXBuildFile section */
		46BE126D27C6B6820053042E /* AppDelegate.swift in Sources */ = {isa = PBXBuildFile; fileRef = 46BE126C27C6B6820053042E /* AppDelegate.swift */; };
		46BE126F27C6B6820053042E /* SceneDelegate.swift in Sources */ = {isa = PBXBuildFile; fileRef = 46BE126E27C6B6820053042E /* SceneDelegate.swift */; };
		46BE127627C6B6840053042E /* Assets.xcassets in Resources */ = {isa = PBXBuildFile; fileRef = 46BE127527C6B6840053042E /* Assets.xcassets */; };
		46BE127927C6B6840053042E /* LaunchScreen.storyboard in Resources */ = {isa = PBXBuildFile; fileRef = 46BE127727C6B6840053042E /* LaunchScreen.storyboard */; };
		46BE128327C8123D0053042E /* FolderViewController.swift in Sources */ = {isa = PBXBuildFile; fileRef = 46BE128227C8123D0053042E /* FolderViewController.swift */; };
		46BE128627C8162B0053042E /* SnapKit in Frameworks */ = {isa = PBXBuildFile; productRef = 46BE128527C8162B0053042E /* SnapKit */; };
		46BE128827C816560053042E /* Common.swift in Sources */ = {isa = PBXBuildFile; fileRef = 46BE128727C816560053042E /* Common.swift */; };
		46BE128A27C926C40053042E /* FolderModulePresenter.swift in Sources */ = {isa = PBXBuildFile; fileRef = 46BE128927C926C40053042E /* FolderModulePresenter.swift */; };
		46BE128C27C968C30053042E /* FolderFlowCoordinator.swift in Sources */ = {isa = PBXBuildFile; fileRef = 46BE128B27C968C30053042E /* FolderFlowCoordinator.swift */; };
		46BE128E27C9693B0053042E /* FolderViewCell.swift in Sources */ = {isa = PBXBuildFile; fileRef = 46BE128D27C9693B0053042E /* FolderViewCell.swift */; };
		46BE129027C976D60053042E /* Directory.swift in Sources */ = {isa = PBXBuildFile; fileRef = 46BE128F27C976D60053042E /* Directory.swift */; };
		46BE129227C981E50053042E /* FolderModuleFactory.swift in Sources */ = {isa = PBXBuildFile; fileRef = 46BE129127C981E50053042E /* FolderModuleFactory.swift */; };
		46BE129627CA30250053042E /* ImagePopupController.swift in Sources */ = {isa = PBXBuildFile; fileRef = 46BE129527CA30250053042E /* ImagePopupController.swift */; };
		46BE129927CF99320053042E /* AppCoordinator.swift in Sources */ = {isa = PBXBuildFile; fileRef = 46BE129827CF99320053042E /* AppCoordinator.swift */; };
		46BE129B27CF995C0053042E /* CoordinatorFactory.swift in Sources */ = {isa = PBXBuildFile; fileRef = 46BE129A27CF995C0053042E /* CoordinatorFactory.swift */; };
		46BE129D27CF9E860053042E /* SettingsCoordinator.swift in Sources */ = {isa = PBXBuildFile; fileRef = 46BE129C27CF9E860053042E /* SettingsCoordinator.swift */; };
		46BE129F27CF9F240053042E /* SettingsViewController.swift in Sources */ = {isa = PBXBuildFile; fileRef = 46BE129E27CF9F240053042E /* SettingsViewController.swift */; };
		46BE12A127CF9F460053042E /* SettingsTableViewAdapter.swift in Sources */ = {isa = PBXBuildFile; fileRef = 46BE12A027CF9F460053042E /* SettingsTableViewAdapter.swift */; };
		46BE12A727CF9FC00053042E /* BadgeTableRow.swift in Sources */ = {isa = PBXBuildFile; fileRef = 46BE12A327CF9FC00053042E /* BadgeTableRow.swift */; };
		46BE12A827CF9FC00053042E /* TableRows.swift in Sources */ = {isa = PBXBuildFile; fileRef = 46BE12A427CF9FC00053042E /* TableRows.swift */; };
		46BE12A927CF9FC00053042E /* TableViewHandler.swift in Sources */ = {isa = PBXBuildFile; fileRef = 46BE12A527CF9FC00053042E /* TableViewHandler.swift */; };
		46BE12AA27CF9FC00053042E /* SwitchTableRow.swift in Sources */ = {isa = PBXBuildFile; fileRef = 46BE12A627CF9FC00053042E /* SwitchTableRow.swift */; };
		46BE12AC27CF9FDA0053042E /* App.swift in Sources */ = {isa = PBXBuildFile; fileRef = 46BE12AB27CF9FDA0053042E /* App.swift */; };
		46BE12AE27CFA1260053042E /* Settings.swift in Sources */ = {isa = PBXBuildFile; fileRef = 46BE12AD27CFA1260053042E /* Settings.swift */; };
		46BE12B127CFAB570053042E /* KeychainAccess in Frameworks */ = {isa = PBXBuildFile; productRef = 46BE12B027CFAB570053042E /* KeychainAccess */; };
		46BE12B327CFD57D0053042E /* ImageCache.swift in Sources */ = {isa = PBXBuildFile; fileRef = 46BE12B227CFD57D0053042E /* ImageCache.swift */; };
		46BE12B727CFE2700053042E /* AuthenticationViewController.swift in Sources */ = {isa = PBXBuildFile; fileRef = 46BE12B627CFE2700053042E /* AuthenticationViewController.swift */; };
		46BE12BA27D0E57F0053042E /* AuthenticationView.swift in Sources */ = {isa = PBXBuildFile; fileRef = 46BE12B927D0E57F0053042E /* AuthenticationView.swift */; };
		46BE12BE27D2320B0053042E /* ErrorMessageView.swift in Sources */ = {isa = PBXBuildFile; fileRef = 46BE12BD27D2320B0053042E /* ErrorMessageView.swift */; };
		46BE12C027D238420053042E /* UIView.swift in Sources */ = {isa = PBXBuildFile; fileRef = 46BE12BF27D238420053042E /* UIView.swift */; };
		46BE12C227D2443B0053042E /* AuthenticationPresenter.swift in Sources */ = {isa = PBXBuildFile; fileRef = 46BE12C127D2443B0053042E /* AuthenticationPresenter.swift */; };
		46BE12C427D244F60053042E /* AuthenticationViewData.swift in Sources */ = {isa = PBXBuildFile; fileRef = 46BE12C327D244F60053042E /* AuthenticationViewData.swift */; };
		46BE12C627D299690053042E /* PasswordManager.swift in Sources */ = {isa = PBXBuildFile; fileRef = 46BE12C527D299690053042E /* PasswordManager.swift */; };
/* End PBXBuildFile section */

/* Begin PBXFileReference section */
		46BE126927C6B6820053042E /* filemanagerapp.app */ = {isa = PBXFileReference; explicitFileType = wrapper.application; includeInIndex = 0; path = filemanagerapp.app; sourceTree = BUILT_PRODUCTS_DIR; };
		46BE126C27C6B6820053042E /* AppDelegate.swift */ = {isa = PBXFileReference; lastKnownFileType = sourcecode.swift; path = AppDelegate.swift; sourceTree = "<group>"; };
		46BE126E27C6B6820053042E /* SceneDelegate.swift */ = {isa = PBXFileReference; lastKnownFileType = sourcecode.swift; path = SceneDelegate.swift; sourceTree = "<group>"; };
		46BE127527C6B6840053042E /* Assets.xcassets */ = {isa = PBXFileReference; lastKnownFileType = folder.assetcatalog; path = Assets.xcassets; sourceTree = "<group>"; };
		46BE127827C6B6840053042E /* Base */ = {isa = PBXFileReference; lastKnownFileType = file.storyboard; name = Base; path = Base.lproj/LaunchScreen.storyboard; sourceTree = "<group>"; };
		46BE127A27C6B6840053042E /* Info.plist */ = {isa = PBXFileReference; lastKnownFileType = text.plist.xml; path = Info.plist; sourceTree = "<group>"; };
		46BE128227C8123D0053042E /* FolderViewController.swift */ = {isa = PBXFileReference; lastKnownFileType = sourcecode.swift; path = FolderViewController.swift; sourceTree = "<group>"; };
		46BE128727C816560053042E /* Common.swift */ = {isa = PBXFileReference; lastKnownFileType = sourcecode.swift; path = Common.swift; sourceTree = "<group>"; };
		46BE128927C926C40053042E /* FolderModulePresenter.swift */ = {isa = PBXFileReference; lastKnownFileType = sourcecode.swift; path = FolderModulePresenter.swift; sourceTree = "<group>"; };
		46BE128B27C968C30053042E /* FolderFlowCoordinator.swift */ = {isa = PBXFileReference; lastKnownFileType = sourcecode.swift; path = FolderFlowCoordinator.swift; sourceTree = "<group>"; };
		46BE128D27C9693B0053042E /* FolderViewCell.swift */ = {isa = PBXFileReference; lastKnownFileType = sourcecode.swift; path = FolderViewCell.swift; sourceTree = "<group>"; };
		46BE128F27C976D60053042E /* Directory.swift */ = {isa = PBXFileReference; lastKnownFileType = sourcecode.swift; path = Directory.swift; sourceTree = "<group>"; };
		46BE129127C981E50053042E /* FolderModuleFactory.swift */ = {isa = PBXFileReference; lastKnownFileType = sourcecode.swift; path = FolderModuleFactory.swift; sourceTree = "<group>"; };
		46BE129527CA30250053042E /* ImagePopupController.swift */ = {isa = PBXFileReference; lastKnownFileType = sourcecode.swift; path = ImagePopupController.swift; sourceTree = "<group>"; };
		46BE129827CF99320053042E /* AppCoordinator.swift */ = {isa = PBXFileReference; lastKnownFileType = sourcecode.swift; path = AppCoordinator.swift; sourceTree = "<group>"; };
		46BE129A27CF995C0053042E /* CoordinatorFactory.swift */ = {isa = PBXFileReference; lastKnownFileType = sourcecode.swift; path = CoordinatorFactory.swift; sourceTree = "<group>"; };
		46BE129C27CF9E860053042E /* SettingsCoordinator.swift */ = {isa = PBXFileReference; lastKnownFileType = sourcecode.swift; path = SettingsCoordinator.swift; sourceTree = "<group>"; };
		46BE129E27CF9F240053042E /* SettingsViewController.swift */ = {isa = PBXFileReference; lastKnownFileType = sourcecode.swift; path = SettingsViewController.swift; sourceTree = "<group>"; };
		46BE12A027CF9F460053042E /* SettingsTableViewAdapter.swift */ = {isa = PBXFileReference; lastKnownFileType = sourcecode.swift; path = SettingsTableViewAdapter.swift; sourceTree = "<group>"; };
		46BE12A327CF9FC00053042E /* BadgeTableRow.swift */ = {isa = PBXFileReference; fileEncoding = 4; lastKnownFileType = sourcecode.swift; path = BadgeTableRow.swift; sourceTree = "<group>"; };
		46BE12A427CF9FC00053042E /* TableRows.swift */ = {isa = PBXFileReference; fileEncoding = 4; lastKnownFileType = sourcecode.swift; path = TableRows.swift; sourceTree = "<group>"; };
		46BE12A527CF9FC00053042E /* TableViewHandler.swift */ = {isa = PBXFileReference; fileEncoding = 4; lastKnownFileType = sourcecode.swift; path = TableViewHandler.swift; sourceTree = "<group>"; };
		46BE12A627CF9FC00053042E /* SwitchTableRow.swift */ = {isa = PBXFileReference; fileEncoding = 4; lastKnownFileType = sourcecode.swift; path = SwitchTableRow.swift; sourceTree = "<group>"; };
		46BE12AB27CF9FDA0053042E /* App.swift */ = {isa = PBXFileReference; lastKnownFileType = sourcecode.swift; path = App.swift; sourceTree = "<group>"; };
		46BE12AD27CFA1260053042E /* Settings.swift */ = {isa = PBXFileReference; lastKnownFileType = sourcecode.swift; path = Settings.swift; sourceTree = "<group>"; };
		46BE12B227CFD57D0053042E /* ImageCache.swift */ = {isa = PBXFileReference; lastKnownFileType = sourcecode.swift; path = ImageCache.swift; sourceTree = "<group>"; };
		46BE12B627CFE2700053042E /* AuthenticationViewController.swift */ = {isa = PBXFileReference; lastKnownFileType = sourcecode.swift; path = AuthenticationViewController.swift; sourceTree = "<group>"; };
		46BE12B927D0E57F0053042E /* AuthenticationView.swift */ = {isa = PBXFileReference; lastKnownFileType = sourcecode.swift; path = AuthenticationView.swift; sourceTree = "<group>"; };
		46BE12BD27D2320B0053042E /* ErrorMessageView.swift */ = {isa = PBXFileReference; lastKnownFileType = sourcecode.swift; path = ErrorMessageView.swift; sourceTree = "<group>"; };
		46BE12BF27D238420053042E /* UIView.swift */ = {isa = PBXFileReference; lastKnownFileType = sourcecode.swift; path = UIView.swift; sourceTree = "<group>"; };
		46BE12C127D2443B0053042E /* AuthenticationPresenter.swift */ = {isa = PBXFileReference; lastKnownFileType = sourcecode.swift; path = AuthenticationPresenter.swift; sourceTree = "<group>"; };
		46BE12C327D244F60053042E /* AuthenticationViewData.swift */ = {isa = PBXFileReference; lastKnownFileType = sourcecode.swift; path = AuthenticationViewData.swift; sourceTree = "<group>"; };
		46BE12C527D299690053042E /* PasswordManager.swift */ = {isa = PBXFileReference; lastKnownFileType = sourcecode.swift; path = PasswordManager.swift; sourceTree = "<group>"; };
/* End PBXFileReference section */

/* Begin PBXFrameworksBuildPhase section */
		46BE126627C6B6820053042E /* Frameworks */ = {
			isa = PBXFrameworksBuildPhase;
			buildActionMask = 2147483647;
			files = (
				46BE12B127CFAB570053042E /* KeychainAccess in Frameworks */,
				46BE128627C8162B0053042E /* SnapKit in Frameworks */,
			);
			runOnlyForDeploymentPostprocessing = 0;
		};
/* End PBXFrameworksBuildPhase section */

/* Begin PBXGroup section */
		46BE126027C6B6820053042E = {
			isa = PBXGroup;
			children = (
				46BE126B27C6B6820053042E /* filemanagerapp */,
				46BE126A27C6B6820053042E /* Products */,
			);
			sourceTree = "<group>";
		};
		46BE126A27C6B6820053042E /* Products */ = {
			isa = PBXGroup;
			children = (
				46BE126927C6B6820053042E /* filemanagerapp.app */,
			);
			name = Products;
			sourceTree = "<group>";
		};
		46BE126B27C6B6820053042E /* filemanagerapp */ = {
			isa = PBXGroup;
			children = (
				46BE129427CA2FF70053042E /* Common */,
				46BE12B427CFE0D30053042E /* Components */,
				46BE12B827D0DF9B0053042E /* Authentication */,
				46BE129327CA2FE30053042E /* Home */,
				46BE129727CF99140053042E /* Settings */,
				46BE12AB27CF9FDA0053042E /* App.swift */,
				46BE126C27C6B6820053042E /* AppDelegate.swift */,
				46BE129827CF99320053042E /* AppCoordinator.swift */,
				46BE129A27CF995C0053042E /* CoordinatorFactory.swift */,
				46BE126E27C6B6820053042E /* SceneDelegate.swift */,
				46BE127727C6B6840053042E /* LaunchScreen.storyboard */,
				46BE127527C6B6840053042E /* Assets.xcassets */,
				46BE127A27C6B6840053042E /* Info.plist */,
			);
			path = filemanagerapp;
			sourceTree = "<group>";
		};
		46BE129327CA2FE30053042E /* Home */ = {
			isa = PBXGroup;
			children = (
				46BE128D27C9693B0053042E /* FolderViewCell.swift */,
				46BE128227C8123D0053042E /* FolderViewController.swift */,
				46BE128927C926C40053042E /* FolderModulePresenter.swift */,
				46BE129127C981E50053042E /* FolderModuleFactory.swift */,
				46BE128B27C968C30053042E /* FolderFlowCoordinator.swift */,
			);
			path = Home;
			sourceTree = "<group>";
		};
		46BE129427CA2FF70053042E /* Common */ = {
			isa = PBXGroup;
			children = (
				46BE128727C816560053042E /* Common.swift */,
				46BE128F27C976D60053042E /* Directory.swift */,
				46BE12B227CFD57D0053042E /* ImageCache.swift */,
				46BE12BF27D238420053042E /* UIView.swift */,
			);
			path = Common;
			sourceTree = "<group>";
		};
		46BE129727CF99140053042E /* Settings */ = {
			isa = PBXGroup;
			children = (
				46BE129C27CF9E860053042E /* SettingsCoordinator.swift */,
				46BE129E27CF9F240053042E /* SettingsViewController.swift */,
				46BE12A027CF9F460053042E /* SettingsTableViewAdapter.swift */,
				46BE12AD27CFA1260053042E /* Settings.swift */,
			);
			path = Settings;
			sourceTree = "<group>";
		};
		46BE12A227CF9FB70053042E /* Table */ = {
			isa = PBXGroup;
			children = (
				46BE12A327CF9FC00053042E /* BadgeTableRow.swift */,
				46BE12A627CF9FC00053042E /* SwitchTableRow.swift */,
				46BE12A427CF9FC00053042E /* TableRows.swift */,
				46BE12A527CF9FC00053042E /* TableViewHandler.swift */,
			);
			path = Table;
			sourceTree = "<group>";
		};
		46BE12B427CFE0D30053042E /* Components */ = {
			isa = PBXGroup;
			children = (
				46BE12A227CF9FB70053042E /* Table */,
				46BE129527CA30250053042E /* ImagePopupController.swift */,
				46BE12BD27D2320B0053042E /* ErrorMessageView.swift */,
			);
			path = Components;
			sourceTree = "<group>";
		};
		46BE12B827D0DF9B0053042E /* Authentication */ = {
			isa = PBXGroup;
			children = (
				46BE12B927D0E57F0053042E /* AuthenticationView.swift */,
				46BE12C327D244F60053042E /* AuthenticationViewData.swift */,
				46BE12C127D2443B0053042E /* AuthenticationPresenter.swift */,
				46BE12B627CFE2700053042E /* AuthenticationViewController.swift */,
				46BE12C527D299690053042E /* PasswordManager.swift */,
			);
			path = Authentication;
			sourceTree = "<group>";
		};
/* End PBXGroup section */

/* Begin PBXNativeTarget section */
		46BE126827C6B6820053042E /* filemanagerapp */ = {
			isa = PBXNativeTarget;
			buildConfigurationList = 46BE127D27C6B6840053042E /* Build configuration list for PBXNativeTarget "filemanagerapp" */;
			buildPhases = (
				46BE126527C6B6820053042E /* Sources */,
				46BE126627C6B6820053042E /* Frameworks */,
				46BE126727C6B6820053042E /* Resources */,
			);
			buildRules = (
			);
			dependencies = (
			);
			name = filemanagerapp;
			packageProductDependencies = (
				46BE128527C8162B0053042E /* SnapKit */,
				46BE12B027CFAB570053042E /* KeychainAccess */,
			);
			productName = filemanagerapp;
			productReference = 46BE126927C6B6820053042E /* filemanagerapp.app */;
			productType = "com.apple.product-type.application";
		};
/* End PBXNativeTarget section */

/* Begin PBXProject section */
		46BE126127C6B6820053042E /* Project object */ = {
			isa = PBXProject;
			attributes = {
				BuildIndependentTargetsInParallel = 1;
				LastSwiftUpdateCheck = 1320;
				LastUpgradeCheck = 1320;
				TargetAttributes = {
					46BE126827C6B6820053042E = {
						CreatedOnToolsVersion = 13.2;
					};
				};
			};
			buildConfigurationList = 46BE126427C6B6820053042E /* Build configuration list for PBXProject "FileManager" */;
			compatibilityVersion = "Xcode 13.0";
			developmentRegion = en;
			hasScannedForEncodings = 0;
			knownRegions = (
				en,
				Base,
			);
			mainGroup = 46BE126027C6B6820053042E;
			packageReferences = (
				46BE128427C8162B0053042E /* XCRemoteSwiftPackageReference "SnapKit" */,
				46BE12AF27CFAB570053042E /* XCRemoteSwiftPackageReference "KeychainAccess" */,
			);
			productRefGroup = 46BE126A27C6B6820053042E /* Products */;
			projectDirPath = "";
			projectRoot = "";
			targets = (
				46BE126827C6B6820053042E /* filemanagerapp */,
			);
		};
/* End PBXProject section */

/* Begin PBXResourcesBuildPhase section */
		46BE126727C6B6820053042E /* Resources */ = {
			isa = PBXResourcesBuildPhase;
			buildActionMask = 2147483647;
			files = (
				46BE127927C6B6840053042E /* LaunchScreen.storyboard in Resources */,
				46BE127627C6B6840053042E /* Assets.xcassets in Resources */,
			);
			runOnlyForDeploymentPostprocessing = 0;
		};
/* End PBXResourcesBuildPhase section */

/* Begin PBXSourcesBuildPhase section */
		46BE126527C6B6820053042E /* Sources */ = {
			isa = PBXSourcesBuildPhase;
			buildActionMask = 2147483647;
			files = (
				46BE12C027D238420053042E /* UIView.swift in Sources */,
				46BE12A827CF9FC00053042E /* TableRows.swift in Sources */,
				46BE129927CF99320053042E /* AppCoordinator.swift in Sources */,
				46BE12AA27CF9FC00053042E /* SwitchTableRow.swift in Sources */,
				46BE12A727CF9FC00053042E /* BadgeTableRow.swift in Sources */,
				46BE129627CA30250053042E /* ImagePopupController.swift in Sources */,
				46BE129D27CF9E860053042E /* SettingsCoordinator.swift in Sources */,
				46BE129027C976D60053042E /* Directory.swift in Sources */,
				46BE12C227D2443B0053042E /* AuthenticationPresenter.swift in Sources */,
				46BE129B27CF995C0053042E /* CoordinatorFactory.swift in Sources */,
				46BE128C27C968C30053042E /* FolderFlowCoordinator.swift in Sources */,
				46BE128327C8123D0053042E /* FolderViewController.swift in Sources */,
				46BE128E27C9693B0053042E /* FolderViewCell.swift in Sources */,
				46BE12B327CFD57D0053042E /* ImageCache.swift in Sources */,
				46BE126D27C6B6820053042E /* AppDelegate.swift in Sources */,
				46BE129F27CF9F240053042E /* SettingsViewController.swift in Sources */,
				46BE12C427D244F60053042E /* AuthenticationViewData.swift in Sources */,
				46BE12BA27D0E57F0053042E /* AuthenticationView.swift in Sources */,
				46BE12AC27CF9FDA0053042E /* App.swift in Sources */,
				46BE128A27C926C40053042E /* FolderModulePresenter.swift in Sources */,
				46BE128827C816560053042E /* Common.swift in Sources */,
				46BE12A927CF9FC00053042E /* TableViewHandler.swift in Sources */,
				46BE12B727CFE2700053042E /* AuthenticationViewController.swift in Sources */,
				46BE126F27C6B6820053042E /* SceneDelegate.swift in Sources */,
				46BE12BE27D2320B0053042E /* ErrorMessageView.swift in Sources */,
				46BE12AE27CFA1260053042E /* Settings.swift in Sources */,
				46BE12A127CF9F460053042E /* SettingsTableViewAdapter.swift in Sources */,
				46BE129227C981E50053042E /* FolderModuleFactory.swift in Sources */,
				46BE12C627D299690053042E /* PasswordManager.swift in Sources */,
			);
			runOnlyForDeploymentPostprocessing = 0;
		};
/* End PBXSourcesBuildPhase section */

/* Begin PBXVariantGroup section */
		46BE127727C6B6840053042E /* LaunchScreen.storyboard */ = {
			isa = PBXVariantGroup;
			children = (
				46BE127827C6B6840053042E /* Base */,
			);
			name = LaunchScreen.storyboard;
			sourceTree = "<group>";
		};
/* End PBXVariantGroup section */

/* Begin XCBuildConfiguration section */
		46BE127B27C6B6840053042E /* Debug */ = {
			isa = XCBuildConfiguration;
			buildSettings = {
				ALWAYS_SEARCH_USER_PATHS = NO;
				CLANG_ANALYZER_NONNULL = YES;
				CLANG_ANALYZER_NUMBER_OBJECT_CONVERSION = YES_AGGRESSIVE;
				CLANG_CXX_LANGUAGE_STANDARD = "gnu++17";
				CLANG_CXX_LIBRARY = "libc++";
				CLANG_ENABLE_MODULES = YES;
				CLANG_ENABLE_OBJC_ARC = YES;
				CLANG_ENABLE_OBJC_WEAK = YES;
				CLANG_WARN_BLOCK_CAPTURE_AUTORELEASING = YES;
				CLANG_WARN_BOOL_CONVERSION = YES;
				CLANG_WARN_COMMA = YES;
				CLANG_WARN_CONSTANT_CONVERSION = YES;
				CLANG_WARN_DEPRECATED_OBJC_IMPLEMENTATIONS = YES;
				CLANG_WARN_DIRECT_OBJC_ISA_USAGE = YES_ERROR;
				CLANG_WARN_DOCUMENTATION_COMMENTS = YES;
				CLANG_WARN_EMPTY_BODY = YES;
				CLANG_WARN_ENUM_CONVERSION = YES;
				CLANG_WARN_INFINITE_RECURSION = YES;
				CLANG_WARN_INT_CONVERSION = YES;
				CLANG_WARN_NON_LITERAL_NULL_CONVERSION = YES;
				CLANG_WARN_OBJC_IMPLICIT_RETAIN_SELF = YES;
				CLANG_WARN_OBJC_LITERAL_CONVERSION = YES;
				CLANG_WARN_OBJC_ROOT_CLASS = YES_ERROR;
				CLANG_WARN_QUOTED_INCLUDE_IN_FRAMEWORK_HEADER = YES;
				CLANG_WARN_RANGE_LOOP_ANALYSIS = YES;
				CLANG_WARN_STRICT_PROTOTYPES = YES;
				CLANG_WARN_SUSPICIOUS_MOVE = YES;
				CLANG_WARN_UNGUARDED_AVAILABILITY = YES_AGGRESSIVE;
				CLANG_WARN_UNREACHABLE_CODE = YES;
				CLANG_WARN__DUPLICATE_METHOD_MATCH = YES;
				COPY_PHASE_STRIP = NO;
				DEBUG_INFORMATION_FORMAT = dwarf;
				ENABLE_STRICT_OBJC_MSGSEND = YES;
				ENABLE_TESTABILITY = YES;
				GCC_C_LANGUAGE_STANDARD = gnu11;
				GCC_DYNAMIC_NO_PIC = NO;
				GCC_NO_COMMON_BLOCKS = YES;
				GCC_OPTIMIZATION_LEVEL = 0;
				GCC_PREPROCESSOR_DEFINITIONS = (
					"DEBUG=1",
					"$(inherited)",
				);
				GCC_WARN_64_TO_32_BIT_CONVERSION = YES;
				GCC_WARN_ABOUT_RETURN_TYPE = YES_ERROR;
				GCC_WARN_UNDECLARED_SELECTOR = YES;
				GCC_WARN_UNINITIALIZED_AUTOS = YES_AGGRESSIVE;
				GCC_WARN_UNUSED_FUNCTION = YES;
				GCC_WARN_UNUSED_VARIABLE = YES;
				IPHONEOS_DEPLOYMENT_TARGET = 13.0;
				MTL_ENABLE_DEBUG_INFO = INCLUDE_SOURCE;
				MTL_FAST_MATH = YES;
				ONLY_ACTIVE_ARCH = YES;
				SDKROOT = iphoneos;
				SWIFT_ACTIVE_COMPILATION_CONDITIONS = DEBUG;
				SWIFT_OPTIMIZATION_LEVEL = "-Onone";
			};
			name = Debug;
		};
		46BE127C27C6B6840053042E /* Release */ = {
			isa = XCBuildConfiguration;
			buildSettings = {
				ALWAYS_SEARCH_USER_PATHS = NO;
				CLANG_ANALYZER_NONNULL = YES;
				CLANG_ANALYZER_NUMBER_OBJECT_CONVERSION = YES_AGGRESSIVE;
				CLANG_CXX_LANGUAGE_STANDARD = "gnu++17";
				CLANG_CXX_LIBRARY = "libc++";
				CLANG_ENABLE_MODULES = YES;
				CLANG_ENABLE_OBJC_ARC = YES;
				CLANG_ENABLE_OBJC_WEAK = YES;
				CLANG_WARN_BLOCK_CAPTURE_AUTORELEASING = YES;
				CLANG_WARN_BOOL_CONVERSION = YES;
				CLANG_WARN_COMMA = YES;
				CLANG_WARN_CONSTANT_CONVERSION = YES;
				CLANG_WARN_DEPRECATED_OBJC_IMPLEMENTATIONS = YES;
				CLANG_WARN_DIRECT_OBJC_ISA_USAGE = YES_ERROR;
				CLANG_WARN_DOCUMENTATION_COMMENTS = YES;
				CLANG_WARN_EMPTY_BODY = YES;
				CLANG_WARN_ENUM_CONVERSION = YES;
				CLANG_WARN_INFINITE_RECURSION = YES;
				CLANG_WARN_INT_CONVERSION = YES;
				CLANG_WARN_NON_LITERAL_NULL_CONVERSION = YES;
				CLANG_WARN_OBJC_IMPLICIT_RETAIN_SELF = YES;
				CLANG_WARN_OBJC_LITERAL_CONVERSION = YES;
				CLANG_WARN_OBJC_ROOT_CLASS = YES_ERROR;
				CLANG_WARN_QUOTED_INCLUDE_IN_FRAMEWORK_HEADER = YES;
				CLANG_WARN_RANGE_LOOP_ANALYSIS = YES;
				CLANG_WARN_STRICT_PROTOTYPES = YES;
				CLANG_WARN_SUSPICIOUS_MOVE = YES;
				CLANG_WARN_UNGUARDED_AVAILABILITY = YES_AGGRESSIVE;
				CLANG_WARN_UNREACHABLE_CODE = YES;
				CLANG_WARN__DUPLICATE_METHOD_MATCH = YES;
				COPY_PHASE_STRIP = NO;
				DEBUG_INFORMATION_FORMAT = "dwarf-with-dsym";
				ENABLE_NS_ASSERTIONS = NO;
				ENABLE_STRICT_OBJC_MSGSEND = YES;
				GCC_C_LANGUAGE_STANDARD = gnu11;
				GCC_NO_COMMON_BLOCKS = YES;
				GCC_WARN_64_TO_32_BIT_CONVERSION = YES;
				GCC_WARN_ABOUT_RETURN_TYPE = YES_ERROR;
				GCC_WARN_UNDECLARED_SELECTOR = YES;
				GCC_WARN_UNINITIALIZED_AUTOS = YES_AGGRESSIVE;
				GCC_WARN_UNUSED_FUNCTION = YES;
				GCC_WARN_UNUSED_VARIABLE = YES;
				IPHONEOS_DEPLOYMENT_TARGET = 13.0;
				MTL_ENABLE_DEBUG_INFO = NO;
				MTL_FAST_MATH = YES;
				SDKROOT = iphoneos;
				SWIFT_COMPILATION_MODE = wholemodule;
				SWIFT_OPTIMIZATION_LEVEL = "-O";
				VALIDATE_PRODUCT = YES;
			};
			name = Release;
		};
		46BE127E27C6B6840053042E /* Debug */ = {
			isa = XCBuildConfiguration;
			buildSettings = {
				ASSETCATALOG_COMPILER_APPICON_NAME = AppIcon;
				ASSETCATALOG_COMPILER_GLOBAL_ACCENT_COLOR_NAME = AccentColor;
				CODE_SIGN_STYLE = Automatic;
				CURRENT_PROJECT_VERSION = 1;
				DEVELOPMENT_TEAM = 7D37F62ASG;
				GENERATE_INFOPLIST_FILE = YES;
				INFOPLIST_FILE = filemanagerapp/Info.plist;
				INFOPLIST_KEY_UIApplicationSupportsIndirectInputEvents = YES;
				INFOPLIST_KEY_UILaunchStoryboardName = LaunchScreen;
				INFOPLIST_KEY_UISupportedInterfaceOrientations_iPad = "UIInterfaceOrientationPortrait UIInterfaceOrientationPortraitUpsideDown UIInterfaceOrientationLandscapeLeft UIInterfaceOrientationLandscapeRight";
				INFOPLIST_KEY_UISupportedInterfaceOrientations_iPhone = "UIInterfaceOrientationPortrait UIInterfaceOrientationLandscapeLeft UIInterfaceOrientationLandscapeRight";
				LD_RUNPATH_SEARCH_PATHS = (
					"$(inherited)",
					"@executable_path/Frameworks",
				);
				MARKETING_VERSION = 1.0;
				PRODUCT_BUNDLE_IDENTIFIER = com.asorokovikov.filemanagerapp;
				PRODUCT_NAME = "$(TARGET_NAME)";
				SWIFT_EMIT_LOC_STRINGS = YES;
				SWIFT_VERSION = 5.0;
				TARGETED_DEVICE_FAMILY = 1;
			};
			name = Debug;
		};
		46BE127F27C6B6840053042E /* Release */ = {
			isa = XCBuildConfiguration;
			buildSettings = {
				ASSETCATALOG_COMPILER_APPICON_NAME = AppIcon;
				ASSETCATALOG_COMPILER_GLOBAL_ACCENT_COLOR_NAME = AccentColor;
				CODE_SIGN_STYLE = Automatic;
				CURRENT_PROJECT_VERSION = 1;
				DEVELOPMENT_TEAM = 7D37F62ASG;
				GENERATE_INFOPLIST_FILE = YES;
				INFOPLIST_FILE = filemanagerapp/Info.plist;
				INFOPLIST_KEY_UIApplicationSupportsIndirectInputEvents = YES;
				INFOPLIST_KEY_UILaunchStoryboardName = LaunchScreen;
				INFOPLIST_KEY_UISupportedInterfaceOrientations_iPad = "UIInterfaceOrientationPortrait UIInterfaceOrientationPortraitUpsideDown UIInterfaceOrientationLandscapeLeft UIInterfaceOrientationLandscapeRight";
				INFOPLIST_KEY_UISupportedInterfaceOrientations_iPhone = "UIInterfaceOrientationPortrait UIInterfaceOrientationLandscapeLeft UIInterfaceOrientationLandscapeRight";
				LD_RUNPATH_SEARCH_PATHS = (
					"$(inherited)",
					"@executable_path/Frameworks",
				);
				MARKETING_VERSION = 1.0;
				PRODUCT_BUNDLE_IDENTIFIER = com.asorokovikov.filemanagerapp;
				PRODUCT_NAME = "$(TARGET_NAME)";
				SWIFT_EMIT_LOC_STRINGS = YES;
				SWIFT_VERSION = 5.0;
				TARGETED_DEVICE_FAMILY = 1;
			};
			name = Release;
		};
/* End XCBuildConfiguration section */

/* Begin XCConfigurationList section */
		46BE126427C6B6820053042E /* Build configuration list for PBXProject "FileManager" */ = {
			isa = XCConfigurationList;
			buildConfigurations = (
				46BE127B27C6B6840053042E /* Debug */,
				46BE127C27C6B6840053042E /* Release */,
			);
			defaultConfigurationIsVisible = 0;
			defaultConfigurationName = Release;
		};
		46BE127D27C6B6840053042E /* Build configuration list for PBXNativeTarget "filemanagerapp" */ = {
			isa = XCConfigurationList;
			buildConfigurations = (
				46BE127E27C6B6840053042E /* Debug */,
				46BE127F27C6B6840053042E /* Release */,
			);
			defaultConfigurationIsVisible = 0;
			defaultConfigurationName = Release;
		};
/* End XCConfigurationList section */

/* Begin XCRemoteSwiftPackageReference section */
		46BE128427C8162B0053042E /* XCRemoteSwiftPackageReference "SnapKit" */ = {
			isa = XCRemoteSwiftPackageReference;
			repositoryURL = "https://github.com/SnapKit/SnapKit.git";
			requirement = {
				kind = upToNextMinorVersion;
				minimumVersion = 5.0.0;
			};
		};
		46BE12AF27CFAB570053042E /* XCRemoteSwiftPackageReference "KeychainAccess" */ = {
			isa = XCRemoteSwiftPackageReference;
			repositoryURL = "https://github.com/kishikawakatsumi/KeychainAccess.git";
			requirement = {
				branch = master;
				kind = branch;
			};
		};
/* End XCRemoteSwiftPackageReference section */

/* Begin XCSwiftPackageProductDependency section */
		46BE128527C8162B0053042E /* SnapKit */ = {
			isa = XCSwiftPackageProductDependency;
			package = 46BE128427C8162B0053042E /* XCRemoteSwiftPackageReference "SnapKit" */;
			productName = SnapKit;
		};
		46BE12B027CFAB570053042E /* KeychainAccess */ = {
			isa = XCSwiftPackageProductDependency;
			package = 46BE12AF27CFAB570053042E /* XCRemoteSwiftPackageReference "KeychainAccess" */;
			productName = KeychainAccess;
		};
/* End XCSwiftPackageProductDependency section */
	};
	rootObject = 46BE126127C6B6820053042E /* Project object */;
}
